<Solution>
  <Folder Name="/src/">
    <Project Path="src/GarminMcp.Core/GarminMcp.Core.csproj" />
    <Project Path="src/GarminMcp.Server/GarminMcp.Server.csproj" />
  </Folder>
  <Folder Name="/tests/">
    <Project Path="tests/GarminMcp.Tests/GarminMcp.Tests.csproj" />
  </Folder>
  <Folder Name="/tools/">
    <Project Path="tools/GarminMcp.Login/GarminMcp.Login.csproj" />
    <Project Path="tools/GarminMcp.Report/GarminMcp.Report.csproj" />
  </Folder>
</Solution>
